<?xml version="1.0" encoding="utf-8"?>
<Project ToolsVersion="4.0" xmlns="http://schemas.microsoft.com/developer/msbuild/2003">
  <ItemGroup>
    <Filter Include="Resource Files">
      <UniqueIdentifier>{67DA6AB6-F800-4c08-8B7A-83BB121AAD01}</UniqueIdentifier>
      <Extensions>rc;ico;cur;bmp;dlg;rc2;rct;bin;rgs;gif;jpg;jpeg;jpe;resx;tiff;tif;png;wav;mfcribbon-ms</Extensions>
    </Filter>
    <Filter Include="View">
      <UniqueIdentifier>{7e1ac388-2cc1-4941-938d-fc2af952ef3b}</UniqueIdentifier>
    </Filter>
    <Filter Include="Logic">
      <UniqueIdentifier>{aadfc2dd-6f02-4203-a8de-cccc6c168412}</UniqueIdentifier>
    </Filter>
    <Filter Include="Dao">
      <UniqueIdentifier>{7d93c9d2-1dad-4cbc-b4f3-17d746344b0d}</UniqueIdentifier>
    </Filter>
    <Filter Include="Entity">
      <UniqueIdentifier>{a38c885c-f271-4156-a53f-b613ae20d7e7}</UniqueIdentifier>
    </Filter>
    <Filter Include="Util">
      <UniqueIdentifier>{06ca5080-adf3-40b8-8726-50511b0ef310}</UniqueIdentifier>
    </Filter>
    <Filter Include="Global">
      <UniqueIdentifier>{7804a701-14f0-460f-99fa-acb6cf4d20e9}</UniqueIdentifier>
    </Filter>
    <Filter Include="Logic\Header Files">
      <UniqueIdentifier>{ca8956bc-16e1-483f-92bb-d739f41a09c5}</UniqueIdentifier>
    </Filter>
    <Filter Include="Dao\Header Files">
      <UniqueIdentifier>{de2605b0-6671-4443-bcea-fb2ae7f6cd0a}</UniqueIdentifier>
    </Filter>
    <Filter Include="Entity\Header Files">
      <UniqueIdentifier>{61a73113-8a21-4b51-964a-07e27b0c0233}</UniqueIdentifier>
    </Filter>
    <Filter Include="Global\Header Files">
      <UniqueIdentifier>{90db8603-2ee8-45cc-b380-ba34f7a2bd36}</UniqueIdentifier>
    </Filter>
    <Filter Include="Util\Header Files">
      <UniqueIdentifier>{ad2dc749-ebea-4c73-a0ab-8a6a4a51fa06}</UniqueIdentifier>
    </Filter>
    <Filter Include="View\Header Files">
      <UniqueIdentifier>{fc2f4c7b-86b6-4ff2-8d5d-a5795a445376}</UniqueIdentifier>
    </Filter>
    <Filter Include="Logic\Source Files">
      <UniqueIdentifier>{fe86f36f-af5b-4c63-b8e3-7d3fce9b5a40}</UniqueIdentifier>
    </Filter>
    <Filter Include="Dao\Source Files">
      <UniqueIdentifier>{80b5ee79-68e0-4a91-9fb5-7d1f5adec395}</UniqueIdentifier>
    </Filter>
    <Filter Include="Entity\Source Files">
      <UniqueIdentifier>{63189c52-2668-4c02-95b1-03c2c29c0001}</UniqueIdentifier>
    </Filter>
    <Filter Include="Global\Source Files">
      <UniqueIdentifier>{6c1eb857-5c0f-4f78-8743-e5b296ab6845}</UniqueIdentifier>
    </Filter>
    <Filter Include="Util\Source Files">
      <UniqueIdentifier>{0f1cbc0e-418b-4b53-aee7-3f6ed6281ba5}</UniqueIdentifier>
    </Filter>
    <Filter Include="View\Source Files">
      <UniqueIdentifier>{d11c140b-c7c2-46eb-b210-3e712058fa59}</UniqueIdentifier>
    </Filter>
  </ItemGroup>
  <ItemGroup>
    <None Include="ReadMe.txt" />
    <None Include="res\RKDBMS.rc2">
      <Filter>Resource Files</Filter>
    </None>
    <None Include="res\RKDBMSDoc.ico">
      <Filter>Resource Files</Filter>
    </None>
    <None Include="res\RKDBMS.ico">
      <Filter>Resource Files</Filter>
    </None>
    <None Include="res\Toolbar.bmp">
      <Filter>Resource Files</Filter>
    </None>
    <None Include="res\database.ico">
      <Filter>Resource Files</Filter>
    </None>
    <None Include="res\table.ico">
      <Filter>Resource Files</Filter>
    </None>
    <None Include="res\child.ico">
      <Filter>Resource Files</Filter>
    </None>
  </ItemGroup>
  <ItemGroup>
    <ClInclude Include="DBView.h">
      <Filter>View\Header Files</Filter>
    </ClInclude>
    <ClInclude Include="MainFrm.h">
      <Filter>View\Header Files</Filter>
    </ClInclude>
    <ClInclude Include="RKDBMSView.h">
      <Filter>View\Header Files</Filter>
    </ClInclude>
    <ClInclude Include="targetver.h">
      <Filter>Global\Header Files</Filter>
    </ClInclude>
    <ClInclude Include="stdafx.h">
      <Filter>Global\Header Files</Filter>
    </ClInclude>
    <ClInclude Include="RKDBMS.h">
      <Filter>Global\Header Files</Filter>
    </ClInclude>
    <ClInclude Include="Resource.h">
      <Filter>Global\Header Files</Filter>
    </ClInclude>
    <ClInclude Include="RKDBMSDoc.h">
      <Filter>Logic\Header Files</Filter>
    </ClInclude>
    <ClInclude Include="AppException.h">
      <Filter>Util\Header Files</Filter>
    </ClInclude>
    <ClInclude Include="DBEntity.h">
      <Filter>Entity\Header Files</Filter>
    </ClInclude>
    <ClInclude Include="NewTableDlg.h">
      <Filter>View\Header Files</Filter>
    </ClInclude>
    <ClInclude Include="TableEntity.h">
      <Filter>Entity\Header Files</Filter>
    </ClInclude>
    <ClInclude Include="DBDao.h">
      <Filter>Dao\Header Files</Filter>
    </ClInclude>
    <ClInclude Include="TableDao.h">
      <Filter>Dao\Header Files</Filter>
    </ClInclude>
    <ClInclude Include="CharHelper.h">
      <Filter>Util\Header Files</Filter>
    </ClInclude>
    <ClInclude Include="FileHelper.h">
      <Filter>Util\Header Files</Filter>
    </ClInclude>
    <ClInclude Include="DataStructure.h">
      <Filter>Global\Header Files</Filter>
    </ClInclude>
    <ClInclude Include="FieldDlg.h">
      <Filter>View\Header Files</Filter>
    </ClInclude>
    <ClInclude Include="Global.h">
      <Filter>Global\Header Files</Filter>
    </ClInclude>
    <ClInclude Include="FieldEntity.h">
      <Filter>Entity\Header Files</Filter>
    </ClInclude>
    <ClInclude Include="TableView.h">
      <Filter>View\Header Files</Filter>
    </ClInclude>
    <ClInclude Include="DBLogic.h">
      <Filter>Logic\Header Files</Filter>
    </ClInclude>
    <ClInclude Include="TableLogic.h">
      <Filter>Logic\Header Files</Filter>
    </ClInclude>
    <ClInclude Include="RecordsView.h">
      <Filter>View\Header Files</Filter>
    </ClInclude>
    <ClInclude Include="RecordDlg.h">
      <Filter>View\Header Files</Filter>
    </ClInclude>
    <ClInclude Include="RecordEntity.h">
      <Filter>Entity\Header Files</Filter>
    </ClInclude>
    <ClInclude Include="TimeHelper.h">
      <Filter>Util\Header Files</Filter>
    </ClInclude>
    <ClInclude Include="RecordLogic.h">
      <Filter>Logic\Header Files</Filter>
    </ClInclude>
    <ClInclude Include="RecordDao.h">
      <Filter>Dao\Header Files</Filter>
    </ClInclude>
    <ClInclude Include="FileLogic.h">
      <Filter>Logic\Header Files</Filter>
    </ClInclude>
  </ItemGroup>
  <ItemGroup>
    <ClCompile Include="RKDBMSView.cpp">
      <Filter>View\Source Files</Filter>
    </ClCompile>
    <ClCompile Include="DBView.cpp">
      <Filter>View\Source Files</Filter>
    </ClCompile>
    <ClCompile Include="MainFrm.cpp">
      <Filter>View\Source Files</Filter>
    </ClCompile>
    <ClCompile Include="RKDBMS.cpp">
      <Filter>Global\Source Files</Filter>
    </ClCompile>
    <ClCompile Include="stdafx.cpp">
      <Filter>Global\Source Files</Filter>
    </ClCompile>
    <ClCompile Include="RKDBMSDoc.cpp">
      <Filter>Logic\Source Files</Filter>
    </ClCompile>
    <ClCompile Include="AppException.cpp">
      <Filter>Util\Source Files</Filter>
    </ClCompile>
    <ClCompile Include="DBEntity.cpp">
      <Filter>Entity\Source Files</Filter>
    </ClCompile>
    <ClCompile Include="NewTableDlg.cpp">
      <Filter>View\Source Files</Filter>
    </ClCompile>
    <ClCompile Include="TableEntity.cpp">
      <Filter>Entity\Source Files</Filter>
    </ClCompile>
    <ClCompile Include="DBDao.cpp">
      <Filter>Dao\Source Files</Filter>
    </ClCompile>
    <ClCompile Include="TableDao.cpp">
      <Filter>Dao\Source Files</Filter>
    </ClCompile>
    <ClCompile Include="CharHelper.cpp">
      <Filter>Util\Source Files</Filter>
    </ClCompile>
    <ClCompile Include="FileHelper.cpp">
      <Filter>Util\Source Files</Filter>
    </ClCompile>
    <ClCompile Include="FieldDlg.cpp">
      <Filter>View\Source Files</Filter>
    </ClCompile>
    <ClCompile Include="FieldEntity.cpp">
      <Filter>Entity\Source Files</Filter>
    </ClCompile>
    <ClCompile Include="TableView.cpp">
      <Filter>View\Source Files</Filter>
    </ClCompile>
    <ClCompile Include="DBLogic.cpp">
      <Filter>Logic\Source Files</Filter>
    </ClCompile>
    <ClCompile Include="TableLogic.cpp">
      <Filter>Logic\Source Files</Filter>
    </ClCompile>
    <ClCompile Include="RecordsView.cpp">
      <Filter>View\Source Files</Filter>
    </ClCompile>
    <ClCompile Include="RecordDlg.cpp">
      <Filter>View\Source Files</Filter>
    </ClCompile>
    <ClCompile Include="RecordEntity.cpp">
      <Filter>Entity\Source Files</Filter>
    </ClCompile>
    <ClCompile Include="TimeHelper.cpp">
      <Filter>Util\Source Files</Filter>
    </ClCompile>
    <ClCompile Include="RecordLogic.cpp">
      <Filter>Logic\Source Files</Filter>
    </ClCompile>
    <ClCompile Include="RecordDao.cpp">
      <Filter>Dao\Source Files</Filter>
    </ClCompile>
    <ClCompile Include="FileLogic.cpp">
      <Filter>Logic\Source Files</Filter>
    </ClCompile>
  </ItemGroup>
  <ItemGroup>
    <ResourceCompile Include="RKDBMS.rc">
      <Filter>Resource Files</Filter>
    </ResourceCompile>
  </ItemGroup>
</Project>